
Microsoft Visual Studio Solution File, Format Version 12.00
# Visual Studio Version 17
VisualStudioVersion = 17.5.002.0
MinimumVisualStudioVersion = 10.0.40219.1
Project("{2150E333-8FDC-42A3-9474-1A3956D46DE8}") = "Services", "Services", "{EC693BBE-1BB3-4C9C-9EA4-EAC8E29D3EC6}"
EndProject
Project("{2150E333-8FDC-42A3-9474-1A3956D46DE8}") = "Catalog", "Catalog", "{03D4974C-CD0C-4400-A431-479B29554A84}"
EndProject
Project("{9A19103F-16F7-4668-BE54-9A1E7A4F7556}") = "catalog.API", "services\catalog\catalog.API\catalog.API.csproj", "{E5439DB0-B998-41B0-ACA4-0533DC1525CB}"
EndProject
Project("{2150E333-8FDC-42A3-9474-1A3956D46DE8}") = "Basket", "Basket", "{965311AF-8DD9-4680-91FE-12F07DC33E39}"
EndProject
Project("{9A19103F-16F7-4668-BE54-9A1E7A4F7556}") = "basket.API", "services\basket\basket.API\basket.API.csproj", "{6BE16EE8-2FB0-4C6C-94DF-37CEC35C9D5B}"
EndProject
Project("{2150E333-8FDC-42A3-9474-1A3956D46DE8}") = "Discount", "Discount", "{E384D00D-EB18-40AA-827D-DA4D9E83CAD1}"
EndProject
Project("{9A19103F-16F7-4668-BE54-9A1E7A4F7556}") = "discount.API", "services\discount\discount.API\discount.API.csproj", "{3B8AF5D1-8338-4E84-B791-FEDA8C0087AE}"
EndProject
Project("{9A19103F-16F7-4668-BE54-9A1E7A4F7556}") = "discount.grpc", "services\discount\discount.grpc\discount.grpc.csproj", "{22D87432-D254-4B60-8527-ECA091B73D54}"
EndProject
Project("{2150E333-8FDC-42A3-9474-1A3956D46DE8}") = "Ordering", "Ordering", "{4FC7FB1E-5CF7-4491-A131-006DEFFE45CA}"
EndProject
Project("{9A19103F-16F7-4668-BE54-9A1E7A4F7556}") = "Ordering.API", "services\Ordering\Ordering.API\Ordering.API.csproj", "{69982B43-9B72-4F6B-8F7F-32793BB9ED73}"
EndProject
Project("{9A19103F-16F7-4668-BE54-9A1E7A4F7556}") = "Ordering.Application", "services\Ordering\Ordering.Application\Ordering.Application.csproj", "{A749BB94-AA0A-448D-BA9C-CD6A582950CF}"
EndProject
Project("{9A19103F-16F7-4668-BE54-9A1E7A4F7556}") = "Ordering.Domain", "services\Ordering\Ordering.Domain\Ordering.Domain.csproj", "{F379973C-B89F-481C-9B39-259AE9D8E135}"
EndProject
Project("{9A19103F-16F7-4668-BE54-9A1E7A4F7556}") = "Ordering.Infrastructure", "services\Ordering\Ordering.Infrastructure\Ordering.Infrastructure.csproj", "{5B923A4D-9DDA-49F8-AB23-AFB06D6E2801}"
EndProject
Project("{E53339B2-1760-4266-BCC7-CA923CBCF16C}") = "docker-compose", "docker-compose.dcproj", "{A18432BD-B37C-4E79-8797-FB16E303BF7E}"
EndProject
Project("{2150E333-8FDC-42A3-9474-1A3956D46DE8}") = "BuildingBlocks", "BuildingBlocks", "{89C4CE82-53B2-4965-A4B2-3314F7E1A6EE}"
EndProject
Project("{9A19103F-16F7-4668-BE54-9A1E7A4F7556}") = "EventBus.Messages", "BuildingBlocks\EventBus.Messages\EventBus.Messages.csproj", "{35EB7EF0-83EC-43B4-AD83-C2C5BB66116A}"
EndProject
Project("{2150E333-8FDC-42A3-9474-1A3956D46DE8}") = "ApiGateways", "ApiGateways", "{82C2D826-15C0-47F7-9355-8221CF513C27}"
EndProject
Project("{9A19103F-16F7-4668-BE54-9A1E7A4F7556}") = "OcelotApiGw", "ApiGateways\OcelotApiGw\OcelotApiGw.csproj", "{630A0E3C-DDBD-4E9B-9EEE-D575CA09AA9D}"
EndProject
Project("{9A19103F-16F7-4668-BE54-9A1E7A4F7556}") = "Shopping.Aggregator", "ApiGateways\Shopping.Aggregator\Shopping.Aggregator.csproj", "{A611AC89-9EE9-4427-8871-EFE27D7B6D1B}"
EndProject
Project("{2150E333-8FDC-42A3-9474-1A3956D46DE8}") = "Client", "Client", "{74F71F77-5D65-4D99-89A0-3BF0109BA2C1}"
EndProject
Project("{FAE04EC0-301F-11D3-BF4B-00C04F79EFBC}") = "catalog.API.Testing", "services\catalog\catalog.API.Testing\catalog.API.Testing.csproj", "{7C2F325D-E648-4698-8C37-E4AD74D3973D}"
EndProject
Global
	GlobalSection(SolutionConfigurationPlatforms) = preSolution
		Debug|Any CPU = Debug|Any CPU
		Release|Any CPU = Release|Any CPU
	EndGlobalSection
	GlobalSection(ProjectConfigurationPlatforms) = postSolution
		{E5439DB0-B998-41B0-ACA4-0533DC1525CB}.Debug|Any CPU.ActiveCfg = Debug|Any CPU
		{E5439DB0-B998-41B0-ACA4-0533DC1525CB}.Debug|Any CPU.Build.0 = Debug|Any CPU
		{E5439DB0-B998-41B0-ACA4-0533DC1525CB}.Release|Any CPU.ActiveCfg = Release|Any CPU
		{E5439DB0-B998-41B0-ACA4-0533DC1525CB}.Release|Any CPU.Build.0 = Release|Any CPU
		{6BE16EE8-2FB0-4C6C-94DF-37CEC35C9D5B}.Debug|Any CPU.ActiveCfg = Debug|Any CPU
		{6BE16EE8-2FB0-4C6C-94DF-37CEC35C9D5B}.Debug|Any CPU.Build.0 = Debug|Any CPU
		{6BE16EE8-2FB0-4C6C-94DF-37CEC35C9D5B}.Release|Any CPU.ActiveCfg = Release|Any CPU
		{6BE16EE8-2FB0-4C6C-94DF-37CEC35C9D5B}.Release|Any CPU.Build.0 = Release|Any CPU
		{3B8AF5D1-8338-4E84-B791-FEDA8C0087AE}.Debug|Any CPU.ActiveCfg = Debug|Any CPU
		{3B8AF5D1-8338-4E84-B791-FEDA8C0087AE}.Debug|Any CPU.Build.0 = Debug|Any CPU
		{3B8AF5D1-8338-4E84-B791-FEDA8C0087AE}.Release|Any CPU.ActiveCfg = Release|Any CPU
		{3B8AF5D1-8338-4E84-B791-FEDA8C0087AE}.Release|Any CPU.Build.0 = Release|Any CPU
		{22D87432-D254-4B60-8527-ECA091B73D54}.Debug|Any CPU.ActiveCfg = Debug|Any CPU
		{22D87432-D254-4B60-8527-ECA091B73D54}.Debug|Any CPU.Build.0 = Debug|Any CPU
		{22D87432-D254-4B60-8527-ECA091B73D54}.Release|Any CPU.ActiveCfg = Release|Any CPU
		{22D87432-D254-4B60-8527-ECA091B73D54}.Release|Any CPU.Build.0 = Release|Any CPU
		{69982B43-9B72-4F6B-8F7F-32793BB9ED73}.Debug|Any CPU.ActiveCfg = Debug|Any CPU
		{69982B43-9B72-4F6B-8F7F-32793BB9ED73}.Debug|Any CPU.Build.0 = Debug|Any CPU
		{69982B43-9B72-4F6B-8F7F-32793BB9ED73}.Release|Any CPU.ActiveCfg = Release|Any CPU
		{69982B43-9B72-4F6B-8F7F-32793BB9ED73}.Release|Any CPU.Build.0 = Release|Any CPU
		{A749BB94-AA0A-448D-BA9C-CD6A582950CF}.Debug|Any CPU.ActiveCfg = Debug|Any CPU
		{A749BB94-AA0A-448D-BA9C-CD6A582950CF}.Debug|Any CPU.Build.0 = Debug|Any CPU
		{A749BB94-AA0A-448D-BA9C-CD6A582950CF}.Release|Any CPU.ActiveCfg = Release|Any CPU
		{A749BB94-AA0A-448D-BA9C-CD6A582950CF}.Release|Any CPU.Build.0 = Release|Any CPU
		{F379973C-B89F-481C-9B39-259AE9D8E135}.Debug|Any CPU.ActiveCfg = Debug|Any CPU
		{F379973C-B89F-481C-9B39-259AE9D8E135}.Debug|Any CPU.Build.0 = Debug|Any CPU
		{F379973C-B89F-481C-9B39-259AE9D8E135}.Release|Any CPU.ActiveCfg = Release|Any CPU
		{F379973C-B89F-481C-9B39-259AE9D8E135}.Release|Any CPU.Build.0 = Release|Any CPU
		{5B923A4D-9DDA-49F8-AB23-AFB06D6E2801}.Debug|Any CPU.ActiveCfg = Debug|Any CPU
		{5B923A4D-9DDA-49F8-AB23-AFB06D6E2801}.Debug|Any CPU.Build.0 = Debug|Any CPU
		{5B923A4D-9DDA-49F8-AB23-AFB06D6E2801}.Release|Any CPU.ActiveCfg = Release|Any CPU
		{5B923A4D-9DDA-49F8-AB23-AFB06D6E2801}.Release|Any CPU.Build.0 = Release|Any CPU
		{A18432BD-B37C-4E79-8797-FB16E303BF7E}.Debug|Any CPU.ActiveCfg = Debug|Any CPU
		{A18432BD-B37C-4E79-8797-FB16E303BF7E}.Debug|Any CPU.Build.0 = Debug|Any CPU
		{A18432BD-B37C-4E79-8797-FB16E303BF7E}.Release|Any CPU.ActiveCfg = Release|Any CPU
		{A18432BD-B37C-4E79-8797-FB16E303BF7E}.Release|Any CPU.Build.0 = Release|Any CPU
		{35EB7EF0-83EC-43B4-AD83-C2C5BB66116A}.Debug|Any CPU.ActiveCfg = Debug|Any CPU
		{35EB7EF0-83EC-43B4-AD83-C2C5BB66116A}.Debug|Any CPU.Build.0 = Debug|Any CPU
		{35EB7EF0-83EC-43B4-AD83-C2C5BB66116A}.Release|Any CPU.ActiveCfg = Release|Any CPU
		{35EB7EF0-83EC-43B4-AD83-C2C5BB66116A}.Release|Any CPU.Build.0 = Release|Any CPU
		{630A0E3C-DDBD-4E9B-9EEE-D575CA09AA9D}.Debug|Any CPU.ActiveCfg = Debug|Any CPU
		{630A0E3C-DDBD-4E9B-9EEE-D575CA09AA9D}.Debug|Any CPU.Build.0 = Debug|Any CPU
		{630A0E3C-DDBD-4E9B-9EEE-D575CA09AA9D}.Release|Any CPU.ActiveCfg = Release|Any CPU
		{630A0E3C-DDBD-4E9B-9EEE-D575CA09AA9D}.Release|Any CPU.Build.0 = Release|Any CPU
		{A611AC89-9EE9-4427-8871-EFE27D7B6D1B}.Debug|Any CPU.ActiveCfg = Debug|Any CPU
		{A611AC89-9EE9-4427-8871-EFE27D7B6D1B}.Debug|Any CPU.Build.0 = Debug|Any CPU
		{A611AC89-9EE9-4427-8871-EFE27D7B6D1B}.Release|Any CPU.ActiveCfg = Release|Any CPU
		{A611AC89-9EE9-4427-8871-EFE27D7B6D1B}.Release|Any CPU.Build.0 = Release|Any CPU
		{7C2F325D-E648-4698-8C37-E4AD74D3973D}.Debug|Any CPU.ActiveCfg = Debug|Any CPU
		{7C2F325D-E648-4698-8C37-E4AD74D3973D}.Debug|Any CPU.Build.0 = Debug|Any CPU
		{7C2F325D-E648-4698-8C37-E4AD74D3973D}.Release|Any CPU.ActiveCfg = Release|Any CPU
		{7C2F325D-E648-4698-8C37-E4AD74D3973D}.Release|Any CPU.Build.0 = Release|Any CPU
	EndGlobalSection
	GlobalSection(SolutionProperties) = preSolution
		HideSolutionNode = FALSE
	EndGlobalSection
	GlobalSection(NestedProjects) = preSolution
		{03D4974C-CD0C-4400-A431-479B29554A84} = {EC693BBE-1BB3-4C9C-9EA4-EAC8E29D3EC6}
		{E5439DB0-B998-41B0-ACA4-0533DC1525CB} = {03D4974C-CD0C-4400-A431-479B29554A84}
		{965311AF-8DD9-4680-91FE-12F07DC33E39} = {EC693BBE-1BB3-4C9C-9EA4-EAC8E29D3EC6}
		{6BE16EE8-2FB0-4C6C-94DF-37CEC35C9D5B} = {965311AF-8DD9-4680-91FE-12F07DC33E39}
		{E384D00D-EB18-40AA-827D-DA4D9E83CAD1} = {EC693BBE-1BB3-4C9C-9EA4-EAC8E29D3EC6}
		{3B8AF5D1-8338-4E84-B791-FEDA8C0087AE} = {E384D00D-EB18-40AA-827D-DA4D9E83CAD1}
		{22D87432-D254-4B60-8527-ECA091B73D54} = {E384D00D-EB18-40AA-827D-DA4D9E83CAD1}
		{4FC7FB1E-5CF7-4491-A131-006DEFFE45CA} = {EC693BBE-1BB3-4C9C-9EA4-EAC8E29D3EC6}
		{69982B43-9B72-4F6B-8F7F-32793BB9ED73} = {4FC7FB1E-5CF7-4491-A131-006DEFFE45CA}
		{A749BB94-AA0A-448D-BA9C-CD6A582950CF} = {4FC7FB1E-5CF7-4491-A131-006DEFFE45CA}
		{F379973C-B89F-481C-9B39-259AE9D8E135} = {4FC7FB1E-5CF7-4491-A131-006DEFFE45CA}
		{5B923A4D-9DDA-49F8-AB23-AFB06D6E2801} = {4FC7FB1E-5CF7-4491-A131-006DEFFE45CA}
		{35EB7EF0-83EC-43B4-AD83-C2C5BB66116A} = {89C4CE82-53B2-4965-A4B2-3314F7E1A6EE}
		{630A0E3C-DDBD-4E9B-9EEE-D575CA09AA9D} = {82C2D826-15C0-47F7-9355-8221CF513C27}
		{A611AC89-9EE9-4427-8871-EFE27D7B6D1B} = {82C2D826-15C0-47F7-9355-8221CF513C27}
		{7C2F325D-E648-4698-8C37-E4AD74D3973D} = {03D4974C-CD0C-4400-A431-479B29554A84}
	EndGlobalSection
	GlobalSection(ExtensibilityGlobals) = postSolution
		SolutionGuid = {ADC1E421-EF62-445E-B9E2-ACA60859D884}
	EndGlobalSection
EndGlobal
